// !$*UTF8*$!
{
	archiveVersion = 1;
	classes = {
	};
	objectVersion = 77;
	objects = {

/* Begin PBXContainerItemProxy section */
		5B317EA52F2A555A005342B9 /* PBXContainerItemProxy */ = {
			isa = PBXContainerItemProxy;
			containerPortal = 5B317E8F2F2A5558005342B9 /* Project object */;
			proxyType = 1;
			remoteGlobalIDString = 5B317E962F2A5558005342B9;
			remoteInfo = "Kasuya Method Timer v2";
		};
		5B317EAF2F2A555A005342B9 /* PBXContainerItemProxy */ = {
			isa = PBXContainerItemProxy;
			containerPortal = 5B317E8F2F2A5558005342B9 /* Project object */;
			proxyType = 1;
			remoteGlobalIDString = 5B317E962F2A5558005342B9;
			remoteInfo = "Kasuya Method Timer v2";
		};
/* End PBXContainerItemProxy section */

/* Begin PBXFileReference section */
		5B317E972F2A5558005342B9 /* Kasuya Method Timer v2.app */ = {isa = PBXFileReference; explicitFileType = wrapper.application; includeInIndex = 0; path = "Kasuya Method Timer v2.app"; sourceTree = BUILT_PRODUCTS_DIR; };
		5B317EA42F2A555A005342B9 /* Kasuya Method Timer v2Tests.xctest */ = {isa = PBXFileReference; explicitFileType = wrapper.cfbundle; includeInIndex = 0; path = "Kasuya Method Timer v2Tests.xctest"; sourceTree = BUILT_PRODUCTS_DIR; };
		5B317EAE2F2A555A005342B9 /* Kasuya Method Timer v2UITests.xctest */ = {isa = PBXFileReference; explicitFileType = wrapper.cfbundle; includeInIndex = 0; path = "Kasuya Method Timer v2UITests.xctest"; sourceTree = BUILT_PRODUCTS_DIR; };
/* End PBXFileReference section */

/* Begin PBXFileSystemSynchronizedRootGroup section */
		5B317E992F2A5558005342B9 /* Kasuya Method Timer v2 */ = {
			isa = PBXFileSystemSynchronizedRootGroup;
			path = "Kasuya Method Timer v2";
			sourceTree = "<group>";
		};
		5B317EA72F2A555A005342B9 /* Kasuya Method Timer v2Tests */ = {
			isa = PBXFileSystemSynchronizedRootGroup;
			path = "Kasuya Method Timer v2Tests";
			sourceTree = "<group>";
		};
		5B317EB12F2A555A005342B9 /* Kasuya Method Timer v2UITests */ = {
			isa = PBXFileSystemSynchronizedRootGroup;
			path = "Kasuya Method Timer v2UITests";
			sourceTree = "<group>";
		};
/* End PBXFileSystemSynchronizedRootGroup section */

/* Begin PBXFrameworksBuildPhase section */
		5B317E942F2A5558005342B9 /* Frameworks */ = {
			isa = PBXFrameworksBuildPhase;
			buildActionMask = 2147483647;
			files = (
			);
			runOnlyForDeploymentPostprocessing = 0;
		};
		5B317EA12F2A555A005342B9 /* Frameworks */ = {
			isa = PBXFrameworksBuildPhase;
			buildActionMask = 2147483647;
			files = (
			);
			runOnlyForDeploymentPostprocessing = 0;
		};
		5B317EAB2F2A555A005342B9 /* Frameworks */ = {
			isa = PBXFrameworksBuildPhase;
			buildActionMask = 2147483647;
			files = (
			);
			runOnlyForDeploymentPostprocessing = 0;
		};
/* End PBXFrameworksBuildPhase section */

/* Begin PBXGroup section */
		5B317E8E2F2A5558005342B9 = {
			isa = PBXGroup;
			children = (
				5B317E992F2A5558005342B9 /* Kasuya Method Timer v2 */,
				5B317EA72F2A555A005342B9 /* Kasuya Method Timer v2Tests */,
				5B317EB12F2A555A005342B9 /* Kasuya Method Timer v2UITests */,
				5B317E982F2A5558005342B9 /* Products */,
			);
			sourceTree = "<group>";
		};
		5B317E982F2A5558005342B9 /* Products */ = {
			isa = PBXGroup;
			children = (
				5B317E972F2A5558005342B9 /* Kasuya Method Timer v2.app */,
				5B317EA42F2A555A005342B9 /* Kasuya Method Timer v2Tests.xctest */,
				5B317EAE2F2A555A005342B9 /* Kasuya Method Timer v2UITests.xctest */,
			);
			name = Products;
			sourceTree = "<group>";
		};
/* End PBXGroup section */

/* Begin PBXNativeTarget section */
		5B317E962F2A5558005342B9 /* Kasuya Method Timer v2 */ = {
			isa = PBXNativeTarget;
			buildConfigurationList = 5B317EB82F2A555A005342B9 /* Build configuration list for PBXNativeTarget "Kasuya Method Timer v2" */;
			buildPhases = (
				5B317E932F2A5558005342B9 /* Sources */,
				5B317E942F2A5558005342B9 /* Frameworks */,
				5B317E952F2A5558005342B9 /* Resources */,
			);
			buildRules = (
			);
			dependencies = (
			);
			fileSystemSynchronizedGroups = (
				5B317E992F2A5558005342B9 /* Kasuya Method Timer v2 */,
			);
			name = "Kasuya Method Timer v2";
			packageProductDependencies = (
			);
			productName = "Kasuya Method Timer v2";
			productReference = 5B317E972F2A5558005342B9 /* Kasuya Method Timer v2.app */;
			productType = "com.apple.product-type.application";
		};
		5B317EA32F2A555A005342B9 /* Kasuya Method Timer v2Tests */ = {
			isa = PBXNativeTarget;
			buildConfigurationList = 5B317EBB2F2A555A005342B9 /* Build configuration list for PBXNativeTarget "Kasuya Method Timer v2Tests" */;
			buildPhases = (
				5B317EA02F2A555A005342B9 /* Sources */,
				5B317EA12F2A555A005342B9 /* Frameworks */,
				5B317EA22F2A555A005342B9 /* Resources */,
			);
			buildRules = (
			);
			dependencies = (
				5B317EA62F2A555A005342B9 /* PBXTargetDependency */,
			);
			fileSystemSynchronizedGroups = (
				5B317EA72F2A555A005342B9 /* Kasuya Method Timer v2Tests */,
			);
			name = "Kasuya Method Timer v2Tests";
			packageProductDependencies = (
			);
			productName = "Kasuya Method Timer v2Tests";
			productReference = 5B317EA42F2A555A005342B9 /* Kasuya Method Timer v2Tests.xctest */;
			productType = "com.apple.product-type.bundle.unit-test";
		};
		5B317EAD2F2A555A005342B9 /* Kasuya Method Timer v2UITests */ = {
			isa = PBXNativeTarget;
			buildConfigurationList = 5B317EBE2F2A555A005342B9 /* Build configuration list for PBXNativeTarget "Kasuya Method Timer v2UITests" */;
			buildPhases = (
				5B317EAA2F2A555A005342B9 /* Sources */,
				5B317EAB2F2A555A005342B9 /* Frameworks */,
				5B317EAC2F2A555A005342B9 /* Resources */,
			);
			buildRules = (
			);
			dependencies = (
				5B317EB02F2A555A005342B9 /* PBXTargetDependency */,
			);
			fileSystemSynchronizedGroups = (
				5B317EB12F2A555A005342B9 /* Kasuya Method Timer v2UITests */,
			);
			name = "Kasuya Method Timer v2UITests";
			packageProductDependencies = (
			);
			productName = "Kasuya Method Timer v2UITests";
			productReference = 5B317EAE2F2A555A005342B9 /* Kasuya Method Timer v2UITests.xctest */;
			productType = "com.apple.product-type.bundle.ui-testing";
		};
/* End PBXNativeTarget section */

/* Begin PBXProject section */
		5B317E8F2F2A5558005342B9 /* Project object */ = {
			isa = PBXProject;
			attributes = {
				BuildIndependentTargetsInParallel = 1;
				LastSwiftUpdateCheck = 2620;
				LastUpgradeCheck = 2620;
				TargetAttributes = {
					5B317E962F2A5558005342B9 = {
						CreatedOnToolsVersion = 26.2;
					};
					5B317EA32F2A555A005342B9 = {
						CreatedOnToolsVersion = 26.2;
						TestTargetID = 5B317E962F2A5558005342B9;
					};
					5B317EAD2F2A555A005342B9 = {
						CreatedOnToolsVersion = 26.2;
						TestTargetID = 5B317E962F2A5558005342B9;
					};
				};
			};
			buildConfigurationList = 5B317E922F2A5558005342B9 /* Build configuration list for PBXProject "Kasuya Method Timer v2" */;
			developmentRegion = en;
			hasScannedForEncodings = 0;
			knownRegions = (
				en,
				Base,
			);
			mainGroup = 5B317E8E2F2A5558005342B9;
			minimizedProjectReferenceProxies = 1;
			preferredProjectObjectVersion = 77;
			productRefGroup = 5B317E982F2A5558005342B9 /* Products */;
			projectDirPath = "";
			projectRoot = "";
			targets = (
				5B317E962F2A5558005342B9 /* Kasuya Method Timer v2 */,
				5B317EA32F2A555A005342B9 /* Kasuya Method Timer v2Tests */,
				5B317EAD2F2A555A005342B9 /* Kasuya Method Timer v2UITests */,
			);
		};
/* End PBXProject section */

/* Begin PBXResourcesBuildPhase section */
		5B317E952F2A5558005342B9 /* Resources */ = {
			isa = PBXResourcesBuildPhase;
			buildActionMask = 2147483647;
			files = (
			);
			runOnlyForDeploymentPostprocessing = 0;
		};
		5B317EA22F2A555A005342B9 /* Resources */ = {
			isa = PBXResourcesBuildPhase;
			buildActionMask = 2147483647;
			files = (
			);
			runOnlyForDeploymentPostprocessing = 0;
		};
		5B317EAC2F2A555A005342B9 /* Resources */ = {
			isa = PBXResourcesBuildPhase;
			buildActionMask = 2147483647;
			files = (
			);
			runOnlyForDeploymentPostprocessing = 0;
		};
/* End PBXResourcesBuildPhase section */

/* Begin PBXSourcesBuildPhase section */
		5B317E932F2A5558005342B9 /* Sources */ = {
			isa = PBXSourcesBuildPhase;
			buildActionMask = 2147483647;
			files = (
			);
			runOnlyForDeploymentPostprocessing = 0;
		};
		5B317EA02F2A555A005342B9 /* Sources */ = {
			isa = PBXSourcesBuildPhase;
			buildActionMask = 2147483647;
			files = (
			);
			runOnlyForDeploymentPostprocessing = 0;
		};
		5B317EAA2F2A555A005342B9 /* Sources */ = {
			isa = PBXSourcesBuildPhase;
			buildActionMask = 2147483647;
			files = (
			);
			runOnlyForDeploymentPostprocessing = 0;
		};
/* End PBXSourcesBuildPhase section */

/* Begin PBXTargetDependency section */
		5B317EA62F2A555A005342B9 /* PBXTargetDependency */ = {
			isa = PBXTargetDependency;
			target = 5B317E962F2A5558005342B9 /* Kasuya Method Timer v2 */;
			targetProxy = 5B317EA52F2A555A005342B9 /* PBXContainerItemProxy */;
		};
		5B317EB02F2A555A005342B9 /* PBXTargetDependency */ = {
			isa = PBXTargetDependency;
			target = 5B317E962F2A5558005342B9 /* Kasuya Method Timer v2 */;
			targetProxy = 5B317EAF2F2A555A005342B9 /* PBXContainerItemProxy */;
		};
/* End PBXTargetDependency section */

/* Begin XCBuildConfiguration section */
		5B317EB62F2A555A005342B9 /* Debug */ = {
			isa = XCBuildConfiguration;
			buildSettings = {
				ALWAYS_SEARCH_USER_PATHS = NO;
				ASSETCATALOG_COMPILER_GENERATE_SWIFT_ASSET_SYMBOL_EXTENSIONS = YES;
				CLANG_ANALYZER_NONNULL = YES;
				CLANG_ANALYZER_NUMBER_OBJECT_CONVERSION = YES_AGGRESSIVE;
				CLANG_CXX_LANGUAGE_STANDARD = "gnu++20";
				CLANG_ENABLE_MODULES = YES;
				CLANG_ENABLE_OBJC_ARC = YES;
				CLANG_ENABLE_OBJC_WEAK = YES;
				CLANG_WARN_BLOCK_CAPTURE_AUTORELEASING = YES;
				CLANG_WARN_BOOL_CONVERSION = YES;
				CLANG_WARN_COMMA = YES;
				CLANG_WARN_CONSTANT_CONVERSION = YES;
				CLANG_WARN_DEPRECATED_OBJC_IMPLEMENTATIONS = YES;
				CLANG_WARN_DIRECT_OBJC_ISA_USAGE = YES_ERROR;
				CLANG_WARN_DOCUMENTATION_COMMENTS = YES;
				CLANG_WARN_EMPTY_BODY = YES;
				CLANG_WARN_ENUM_CONVERSION = YES;
				CLANG_WARN_INFINITE_RECURSION = YES;
				CLANG_WARN_INT_CONVERSION = YES;
				CLANG_WARN_NON_LITERAL_NULL_CONVERSION = YES;
				CLANG_WARN_OBJC_IMPLICIT_RETAIN_SELF = YES;
				CLANG_WARN_OBJC_LITERAL_CONVERSION = YES;
				CLANG_WARN_OBJC_ROOT_CLASS = YES_ERROR;
				CLANG_WARN_QUOTED_INCLUDE_IN_FRAMEWORK_HEADER = YES;
				CLANG_WARN_RANGE_LOOP_ANALYSIS = YES;
				CLANG_WARN_STRICT_PROTOTYPES = YES;
				CLANG_WARN_SUSPICIOUS_MOVE = YES;
				CLANG_WARN_UNGUARDED_AVAILABILITY = YES_AGGRESSIVE;
				CLANG_WARN_UNREACHABLE_CODE = YES;
				CLANG_WARN__DUPLICATE_METHOD_MATCH = YES;
				COPY_PHASE_STRIP = NO;
				DEBUG_INFORMATION_FORMAT = dwarf;
				DEVELOPMENT_TEAM = 594H77LHPY;
				ENABLE_STRICT_OBJC_MSGSEND = YES;
				ENABLE_TESTABILITY = YES;
				ENABLE_USER_SCRIPT_SANDBOXING = YES;
				GCC_C_LANGUAGE_STANDARD = gnu17;
				GCC_DYNAMIC_NO_PIC = NO;
				GCC_NO_COMMON_BLOCKS = YES;
				GCC_OPTIMIZATION_LEVEL = 0;
				GCC_PREPROCESSOR_DEFINITIONS = (
					"DEBUG=1",
					"$(inherited)",
				);
				GCC_WARN_64_TO_32_BIT_CONVERSION = YES;
				GCC_WARN_ABOUT_RETURN_TYPE = YES_ERROR;
				GCC_WARN_UNDECLARED_SELECTOR = YES;
				GCC_WARN_UNINITIALIZED_AUTOS = YES_AGGRESSIVE;
				GCC_WARN_UNUSED_FUNCTION = YES;
				GCC_WARN_UNUSED_VARIABLE = YES;
				IPHONEOS_DEPLOYMENT_TARGET = 15.6;
				LOCALIZATION_PREFERS_STRING_CATALOGS = YES;
				MTL_ENABLE_DEBUG_INFO = INCLUDE_SOURCE;
				MTL_FAST_MATH = YES;
				ONLY_ACTIVE_ARCH = YES;
				SDKROOT = iphoneos;
				SWIFT_ACTIVE_COMPILATION_CONDITIONS = "DEBUG $(inherited)";
				SWIFT_OPTIMIZATION_LEVEL = "-Onone";
			};
			name = Debug;
		};
		5B317EB72F2A555A005342B9 /* Release */ = {
			isa = XCBuildConfiguration;
			buildSettings = {
				ALWAYS_SEARCH_USER_PATHS = NO;
				ASSETCATALOG_COMPILER_GENERATE_SWIFT_ASSET_SYMBOL_EXTENSIONS = YES;
				CLANG_ANALYZER_NONNULL = YES;
				CLANG_ANALYZER_NUMBER_OBJECT_CONVERSION = YES_AGGRESSIVE;
				CLANG_CXX_LANGUAGE_STANDARD = "gnu++20";
				CLANG_ENABLE_MODULES = YES;
				CLANG_ENABLE_OBJC_ARC = YES;
				CLANG_ENABLE_OBJC_WEAK = YES;
				CLANG_WARN_BLOCK_CAPTURE_AUTORELEASING = YES;
				CLANG_WARN_BOOL_CONVERSION = YES;
				CLANG_WARN_COMMA = YES;
				CLANG_WARN_CONSTANT_CONVERSION = YES;
				CLANG_WARN_DEPRECATED_OBJC_IMPLEMENTATIONS = YES;
				CLANG_WARN_DIRECT_OBJC_ISA_USAGE = YES_ERROR;
				CLANG_WARN_DOCUMENTATION_COMMENTS = YES;
				CLANG_WARN_EMPTY_BODY = YES;
				CLANG_WARN_ENUM_CONVERSION = YES;
				CLANG_WARN_INFINITE_RECURSION = YES;
				CLANG_WARN_INT_CONVERSION = YES;
				CLANG_WARN_NON_LITERAL_NULL_CONVERSION = YES;
				CLANG_WARN_OBJC_IMPLICIT_RETAIN_SELF = YES;
				CLANG_WARN_OBJC_LITERAL_CONVERSION = YES;
				CLANG_WARN_OBJC_ROOT_CLASS = YES_ERROR;
				CLANG_WARN_QUOTED_INCLUDE_IN_FRAMEWORK_HEADER = YES;
				CLANG_WARN_RANGE_LOOP_ANALYSIS = YES;
				CLANG_WARN_STRICT_PROTOTYPES = YES;
				CLANG_WARN_SUSPICIOUS_MOVE = YES;
				CLANG_WARN_UNGUARDED_AVAILABILITY = YES_AGGRESSIVE;
				CLANG_WARN_UNREACHABLE_CODE = YES;
				CLANG_WARN__DUPLICATE_METHOD_MATCH = YES;
				COPY_PHASE_STRIP = NO;
				DEBUG_INFORMATION_FORMAT = "dwarf-with-dsym";
				DEVELOPMENT_TEAM = 594H77LHPY;
				ENABLE_NS_ASSERTIONS = NO;
				ENABLE_STRICT_OBJC_MSGSEND = YES;
				ENABLE_USER_SCRIPT_SANDBOXING = YES;
				GCC_C_LANGUAGE_STANDARD = gnu17;
				GCC_NO_COMMON_BLOCKS = YES;
				GCC_WARN_64_TO_32_BIT_CONVERSION = YES;
				GCC_WARN_ABOUT_RETURN_TYPE = YES_ERROR;
				GCC_WARN_UNDECLARED_SELECTOR = YES;
				GCC_WARN_UNINITIALIZED_AUTOS = YES_AGGRESSIVE;
				GCC_WARN_UNUSED_FUNCTION = YES;
				GCC_WARN_UNUSED_VARIABLE = YES;
				IPHONEOS_DEPLOYMENT_TARGET = 15.6;
				LOCALIZATION_PREFERS_STRING_CATALOGS = YES;
				MTL_ENABLE_DEBUG_INFO = NO;
				MTL_FAST_MATH = YES;
				SDKROOT = iphoneos;
				SWIFT_COMPILATION_MODE = wholemodule;
				VALIDATE_PRODUCT = YES;
			};
			name = Release;
		};
		5B317EB92F2A555A005342B9 /* Debug */ = {
			isa = XCBuildConfiguration;
			buildSettings = {
				ASSETCATALOG_COMPILER_APPICON_NAME = AppIcon;
				ASSETCATALOG_COMPILER_GLOBAL_ACCENT_COLOR_NAME = AccentColor;
				CODE_SIGN_STYLE = Automatic;
				CURRENT_PROJECT_VERSION = 1;
				DEVELOPMENT_TEAM = 594H77LHPY;
				ENABLE_PREVIEWS = YES;
				GENERATE_INFOPLIST_FILE = YES;
				INFOPLIST_KEY_CFBundleDisplayName = "Coffee Timer";
				INFOPLIST_KEY_UIApplicationSceneManifest_Generation = YES;
				INFOPLIST_KEY_UIApplicationSupportsIndirectInputEvents = YES;
				INFOPLIST_KEY_UILaunchScreen_Generation = YES;
				INFOPLIST_KEY_UISupportedInterfaceOrientations_iPad = "UIInterfaceOrientationPortrait UIInterfaceOrientationPortraitUpsideDown UIInterfaceOrientationLandscapeLeft UIInterfaceOrientationLandscapeRight";
				INFOPLIST_KEY_UISupportedInterfaceOrientations_iPhone = "UIInterfaceOrientationPortrait UIInterfaceOrientationLandscapeLeft UIInterfaceOrientationLandscapeRight";
				IPHONEOS_DEPLOYMENT_TARGET = 15.6;
				LD_RUNPATH_SEARCH_PATHS = (
					"$(inherited)",
					"@executable_path/Frameworks",
				);
				MARKETING_VERSION = 1.0;
				PRODUCT_BUNDLE_IDENTIFIER = "com.ipongdev.Kasuya-Method-Timer-v2";
				PRODUCT_NAME = "$(TARGET_NAME)";
				PRODUCT_BUNDLE_DISPLAY_NAME = "4:6 Method Timer";
				STRING_CATALOG_GENERATE_SYMBOLS = YES;
				SWIFT_APPROACHABLE_CONCURRENCY = YES;
				SWIFT_DEFAULT_ACTOR_ISOLATION = MainActor;
				SWIFT_EMIT_LOC_STRINGS = YES;
				SWIFT_UPCOMING_FEATURE_MEMBER_IMPORT_VISIBILITY = YES;
				SWIFT_VERSION = 5.0;
				TARGETED_DEVICE_FAMILY = "1,2";
			};
			name = Debug;
		};
		5B317EBA2F2A555A005342B9 /* Release */ = {
			isa = XCBuildConfiguration;
			buildSettings = {
				ASSETCATALOG_COMPILER_APPICON_NAME = AppIcon;
				ASSETCATALOG_COMPILER_GLOBAL_ACCENT_COLOR_NAME = AccentColor;
				CODE_SIGN_STYLE = Automatic;
				CURRENT_PROJECT_VERSION = 1;
				DEVELOPMENT_TEAM = 594H77LHPY;
				ENABLE_PREVIEWS = YES;
				GENERATE_INFOPLIST_FILE = YES;
				INFOPLIST_KEY_CFBundleDisplayName = "Coffee Timer";
				INFOPLIST_KEY_UIApplicationSceneManifest_Generation = YES;
				INFOPLIST_KEY_UIApplicationSupportsIndirectInputEvents = YES;
				INFOPLIST_KEY_UILaunchScreen_Generation = YES;
				INFOPLIST_KEY_UISupportedInterfaceOrientations_iPad = "UIInterfaceOrientationPortrait UIInterfaceOrientationPortraitUpsideDown UIInterfaceOrientationLandscapeLeft UIInterfaceOrientationLandscapeRight";
				INFOPLIST_KEY_UISupportedInterfaceOrientations_iPhone = "UIInterfaceOrientationPortrait UIInterfaceOrientationLandscapeLeft UIInterfaceOrientationLandscapeRight";
				IPHONEOS_DEPLOYMENT_TARGET = 15.6;
				LD_RUNPATH_SEARCH_PATHS = (
					"$(inherited)",
					"@executable_path/Frameworks",
				);
				MARKETING_VERSION = 1.0;
				PRODUCT_BUNDLE_IDENTIFIER = "com.ipongdev.Kasuya-Method-Timer-v2";
				PRODUCT_NAME = "$(TARGET_NAME)";
				PRODUCT_BUNDLE_DISPLAY_NAME = "4:6 Method Timer";
				STRING_CATALOG_GENERATE_SYMBOLS = YES;
				SWIFT_APPROACHABLE_CONCURRENCY = YES;
				SWIFT_DEFAULT_ACTOR_ISOLATION = MainActor;
				SWIFT_EMIT_LOC_STRINGS = YES;
				SWIFT_UPCOMING_FEATURE_MEMBER_IMPORT_VISIBILITY = YES;
				SWIFT_VERSION = 5.0;
				TARGETED_DEVICE_FAMILY = "1,2";
			};
			name = Release;
		};
		5B317EBC2F2A555A005342B9 /* Debug */ = {
			isa = XCBuildConfiguration;
			buildSettings = {
				BUNDLE_LOADER = "$(TEST_HOST)";
				CODE_SIGN_STYLE = Automatic;
				CURRENT_PROJECT_VERSION = 1;
				DEVELOPMENT_TEAM = 594H77LHPY;
				GENERATE_INFOPLIST_FILE = YES;
				IPHONEOS_DEPLOYMENT_TARGET = 26.2;
				MARKETING_VERSION = 1.0;
				PRODUCT_BUNDLE_IDENTIFIER = "com.ipongdev.Kasuya-Method-Timer-v2Tests";
				PRODUCT_NAME = "$(TARGET_NAME)";
				STRING_CATALOG_GENERATE_SYMBOLS = NO;
				SWIFT_APPROACHABLE_CONCURRENCY = YES;
				SWIFT_EMIT_LOC_STRINGS = NO;
				SWIFT_UPCOMING_FEATURE_MEMBER_IMPORT_VISIBILITY = YES;
				SWIFT_VERSION = 5.0;
				TARGETED_DEVICE_FAMILY = "1,2";
				TEST_HOST = "$(BUILT_PRODUCTS_DIR)/Kasuya Method Timer v2.app/$(BUNDLE_EXECUTABLE_FOLDER_PATH)/Kasuya Method Timer v2";
			};
			name = Debug;
		};
		5B317EBD2F2A555A005342B9 /* Release */ = {
			isa = XCBuildConfiguration;
			buildSettings = {
				BUNDLE_LOADER = "$(TEST_HOST)";
				CODE_SIGN_STYLE = Automatic;
				CURRENT_PROJECT_VERSION = 1;
				DEVELOPMENT_TEAM = 594H77LHPY;
				GENERATE_INFOPLIST_FILE = YES;
				IPHONEOS_DEPLOYMENT_TARGET = 26.2;
				MARKETING_VERSION = 1.0;
				PRODUCT_BUNDLE_IDENTIFIER = "com.ipongdev.Kasuya-Method-Timer-v2Tests";
				PRODUCT_NAME = "$(TARGET_NAME)";
				STRING_CATALOG_GENERATE_SYMBOLS = NO;
				SWIFT_APPROACHABLE_CONCURRENCY = YES;
				SWIFT_EMIT_LOC_STRINGS = NO;
				SWIFT_UPCOMING_FEATURE_MEMBER_IMPORT_VISIBILITY = YES;
				SWIFT_VERSION = 5.0;
				TARGETED_DEVICE_FAMILY = "1,2";
				TEST_HOST = "$(BUILT_PRODUCTS_DIR)/Kasuya Method Timer v2.app/$(BUNDLE_EXECUTABLE_FOLDER_PATH)/Kasuya Method Timer v2";
			};
			name = Release;
		};
		5B317EBF2F2A555A005342B9 /* Debug */ = {
			isa = XCBuildConfiguration;
			buildSettings = {
				CODE_SIGN_STYLE = Automatic;
				CURRENT_PROJECT_VERSION = 1;
				DEVELOPMENT_TEAM = 594H77LHPY;
				GENERATE_INFOPLIST_FILE = YES;
				MARKETING_VERSION = 1.0;
				PRODUCT_BUNDLE_IDENTIFIER = "com.ipongdev.Kasuya-Method-Timer-v2UITests";
				PRODUCT_NAME = "$(TARGET_NAME)";
				STRING_CATALOG_GENERATE_SYMBOLS = NO;
				SWIFT_APPROACHABLE_CONCURRENCY = YES;
				SWIFT_EMIT_LOC_STRINGS = NO;
				SWIFT_UPCOMING_FEATURE_MEMBER_IMPORT_VISIBILITY = YES;
				SWIFT_VERSION = 5.0;
				TARGETED_DEVICE_FAMILY = "1,2";
				TEST_TARGET_NAME = "Kasuya Method Timer v2";
			};
			name = Debug;
		};
		5B317EC02F2A555A005342B9 /* Release */ = {
			isa = XCBuildConfiguration;
			buildSettings = {
				CODE_SIGN_STYLE = Automatic;
				CURRENT_PROJECT_VERSION = 1;
				DEVELOPMENT_TEAM = 594H77LHPY;
				GENERATE_INFOPLIST_FILE = YES;
				MARKETING_VERSION = 1.0;
				PRODUCT_BUNDLE_IDENTIFIER = "com.ipongdev.Kasuya-Method-Timer-v2UITests";
				PRODUCT_NAME = "$(TARGET_NAME)";
				STRING_CATALOG_GENERATE_SYMBOLS = NO;
				SWIFT_APPROACHABLE_CONCURRENCY = YES;
				SWIFT_EMIT_LOC_STRINGS = NO;
				SWIFT_UPCOMING_FEATURE_MEMBER_IMPORT_VISIBILITY = YES;
				SWIFT_VERSION = 5.0;
				TARGETED_DEVICE_FAMILY = "1,2";
				TEST_TARGET_NAME = "Kasuya Method Timer v2";
			};
			name = Release;
		};
/* End XCBuildConfiguration section */

/* Begin XCConfigurationList section */
		5B317E922F2A5558005342B9 /* Build configuration list for PBXProject "Kasuya Method Timer v2" */ = {
			isa = XCConfigurationList;
			buildConfigurations = (
				5B317EB62F2A555A005342B9 /* Debug */,
				5B317EB72F2A555A005342B9 /* Release */,
			);
			defaultConfigurationIsVisible = 0;
			defaultConfigurationName = Release;
		};
		5B317EB82F2A555A005342B9 /* Build configuration list for PBXNativeTarget "Kasuya Method Timer v2" */ = {
			isa = XCConfigurationList;
			buildConfigurations = (
				5B317EB92F2A555A005342B9 /* Debug */,
				5B317EBA2F2A555A005342B9 /* Release */,
			);
			defaultConfigurationIsVisible = 0;
			defaultConfigurationName = Release;
		};
		5B317EBB2F2A555A005342B9 /* Build configuration list for PBXNativeTarget "Kasuya Method Timer v2Tests" */ = {
			isa = XCConfigurationList;
			buildConfigurations = (
				5B317EBC2F2A555A005342B9 /* Debug */,
				5B317EBD2F2A555A005342B9 /* Release */,
			);
			defaultConfigurationIsVisible = 0;
			defaultConfigurationName = Release;
		};
		5B317EBE2F2A555A005342B9 /* Build configuration list for PBXNativeTarget "Kasuya Method Timer v2UITests" */ = {
			isa = XCConfigurationList;
			buildConfigurations = (
				5B317EBF2F2A555A005342B9 /* Debug */,
				5B317EC02F2A555A005342B9 /* Release */,
			);
			defaultConfigurationIsVisible = 0;
			defaultConfigurationName = Release;
		};
/* End XCConfigurationList section */
	};
	rootObject = 5B317E8F2F2A5558005342B9 /* Project object */;
}
